
Microsoft Visual Studio Solution File, Format Version 12.00
# Visual Studio 15
VisualStudioVersion = 15.0.27130.2036
MinimumVisualStudioVersion = 10.0.40219.1
Project("{FAE04EC0-301F-11D3-BF4B-00C04F79EFBC}") = "Proyecto Final", "Proyecto Final\Proyecto Final.csproj", "{CF8E92E6-A368-4BF3-97CD-1044F7CCDEB8}"
EndProject
Project("{FAE04EC0-301F-11D3-BF4B-00C04F79EFBC}") = "Proyecto FinalTests", "Proyecto FinalTests\Proyecto FinalTests.csproj", "{7C781B1E-A13E-4441-8A99-638DD06B2861}"
EndProject
Global
	GlobalSection(SolutionConfigurationPlatforms) = preSolution
		Debug|Any CPU = Debug|Any CPU
		Release|Any CPU = Release|Any CPU
	EndGlobalSection
	GlobalSection(ProjectConfigurationPlatforms) = postSolution
		{CF8E92E6-A368-4BF3-97CD-1044F7CCDEB8}.Debug|Any CPU.ActiveCfg = Debug|Any CPU
		{CF8E92E6-A368-4BF3-97CD-1044F7CCDEB8}.Debug|Any CPU.Build.0 = Debug|Any CPU
		{CF8E92E6-A368-4BF3-97CD-1044F7CCDEB8}.Release|Any CPU.ActiveCfg = Release|Any CPU
		{CF8E92E6-A368-4BF3-97CD-1044F7CCDEB8}.Release|Any CPU.Build.0 = Release|Any CPU
		{7C781B1E-A13E-4441-8A99-638DD06B2861}.Debug|Any CPU.ActiveCfg = Debug|Any CPU
		{7C781B1E-A13E-4441-8A99-638DD06B2861}.Debug|Any CPU.Build.0 = Debug|Any CPU
		{7C781B1E-A13E-4441-8A99-638DD06B2861}.Release|Any CPU.ActiveCfg = Release|Any CPU
		{7C781B1E-A13E-4441-8A99-638DD06B2861}.Release|Any CPU.Build.0 = Release|Any CPU
	EndGlobalSection
	GlobalSection(SolutionProperties) = preSolution
		HideSolutionNode = FALSE
	EndGlobalSection
	GlobalSection(ExtensibilityGlobals) = postSolution
		SolutionGuid = {658B0ED0-F5DB-4AC6-A894-F1E41AF65EBC}
	EndGlobalSection
EndGlobal
